{
  "name": "foo-blog",
  "version": "1.0.0",
  "lockfileVersion": 1,
  "requires": true,
  "dependencies": {
    "foo-styles": {
      "version": "1.0.1",
      "resolved": "https://registry.npmjs.org/foo-styles/-/foo-styles-1.0.1.tgz",
      "integrity": "sha512-iw6uUeOna5Ke2CXfH1rpfBSfAyE3vJ9I590xohudlGzOTKTHUKJ/Hva4u3FsZBVKqCIdobUqHWBsTgzAb6Y7jg=="
    }
  }
}
